
Microsoft Visual Studio Solution File, Format Version 12.00
# Visual Studio Version 16
VisualStudioVersion = 16.0.29424.173
MinimumVisualStudioVersion = 10.0.40219.1
Project("{FAE04EC0-301F-11D3-BF4B-00C04F79EFBC}") = "ConsoleApp1", "ConsoleApp1\ConsoleApp1.csproj", "{3C019DE1-A7A3-44A0-B86D-79E2803CC47C}"
EndProject
Global
	GlobalSection(SolutionConfigurationPlatforms) = preSolution
		Debug|Any CPU = Debug|Any CPU
		Release|Any CPU = Release|Any CPU
	EndGlobalSection
	GlobalSection(ProjectConfigurationPlatforms) = postSolution
		{3C019DE1-A7A3-44A0-B86D-79E2803CC47C}.Debug|Any CPU.ActiveCfg = Debug|Any CPU
		{3C019DE1-A7A3-44A0-B86D-79E2803CC47C}.Debug|Any CPU.Build.0 = Debug|Any CPU
		{3C019DE1-A7A3-44A0-B86D-79E2803CC47C}.Release|Any CPU.ActiveCfg = Release|Any CPU
		{3C019DE1-A7A3-44A0-B86D-79E2803CC47C}.Release|Any CPU.Build.0 = Release|Any CPU
	EndGlobalSection
	GlobalSection(SolutionProperties) = preSolution
		HideSolutionNode = FALSE
	EndGlobalSection
	GlobalSection(ExtensibilityGlobals) = postSolution
		SolutionGuid = {DABC3F2D-5B70-4F66-BBBB-154162B18A91}
	EndGlobalSection
EndGlobal
