
Microsoft Visual Studio Solution File, Format Version 12.00
# Visual Studio Version 16
VisualStudioVersion = 16.0.29613.14
MinimumVisualStudioVersion = 10.0.40219.1
Project("{FAE04EC0-301F-11D3-BF4B-00C04F79EFBC}") = "ConsoleApp1", "ConsoleApp1.csproj", "{7121A51F-3333-4E0E-8305-AE6572CA1141}"
EndProject
Global
	GlobalSection(SolutionConfigurationPlatforms) = preSolution
		Debug|Any CPU = Debug|Any CPU
		Release|Any CPU = Release|Any CPU
	EndGlobalSection
	GlobalSection(ProjectConfigurationPlatforms) = postSolution
		{7121A51F-3333-4E0E-8305-AE6572CA1141}.Debug|Any CPU.ActiveCfg = Debug|Any CPU
		{7121A51F-3333-4E0E-8305-AE6572CA1141}.Debug|Any CPU.Build.0 = Debug|Any CPU
		{7121A51F-3333-4E0E-8305-AE6572CA1141}.Release|Any CPU.ActiveCfg = Release|Any CPU
		{7121A51F-3333-4E0E-8305-AE6572CA1141}.Release|Any CPU.Build.0 = Release|Any CPU
	EndGlobalSection
	GlobalSection(SolutionProperties) = preSolution
		HideSolutionNode = FALSE
	EndGlobalSection
	GlobalSection(ExtensibilityGlobals) = postSolution
		SolutionGuid = {EEF9CCD2-A1C7-4C08-84E1-893129C7DF8B}
	EndGlobalSection
EndGlobal
