
Microsoft Visual Studio Solution File, Format Version 12.00
# Visual Studio Version 16
VisualStudioVersion = 16.0.29709.97
MinimumVisualStudioVersion = 10.0.40219.1
Project("{FAE04EC0-301F-11D3-BF4B-00C04F79EFBC}") = "Reminder.App", "Reminder.App.csproj", "{E1E8A6C3-F279-4F03-B5FD-EBDD875CE492}"
EndProject
Project("{FAE04EC0-301F-11D3-BF4B-00C04F79EFBC}") = "Reminder.Storage.Core", "..\Reminder.Storage.Core\Reminder.Storage.Core.csproj", "{70D80FB1-EFD0-4D5E-B846-4A32F20AEDF5}"
EndProject
Project("{FAE04EC0-301F-11D3-BF4B-00C04F79EFBC}") = "Reminder.Storage.InMemory", "..\ClassLibrary1\Reminder.Storage.InMemory.csproj", "{7EBA058B-D675-4D3B-81F9-384E53C6C2F1}"
EndProject
Project("{FAE04EC0-301F-11D3-BF4B-00C04F79EFBC}") = "Reminder.Storage.InMemory.Tests", "..\Reminder.Storage.InMemory.Tests\Reminder.Storage.InMemory.Tests.csproj", "{AB3C2D72-132E-4223-88B0-E2BE210E0F6C}"
EndProject
Global
	GlobalSection(SolutionConfigurationPlatforms) = preSolution
		Debug|Any CPU = Debug|Any CPU
		Release|Any CPU = Release|Any CPU
	EndGlobalSection
	GlobalSection(ProjectConfigurationPlatforms) = postSolution
		{E1E8A6C3-F279-4F03-B5FD-EBDD875CE492}.Debug|Any CPU.ActiveCfg = Debug|Any CPU
		{E1E8A6C3-F279-4F03-B5FD-EBDD875CE492}.Debug|Any CPU.Build.0 = Debug|Any CPU
		{E1E8A6C3-F279-4F03-B5FD-EBDD875CE492}.Release|Any CPU.ActiveCfg = Release|Any CPU
		{E1E8A6C3-F279-4F03-B5FD-EBDD875CE492}.Release|Any CPU.Build.0 = Release|Any CPU
		{70D80FB1-EFD0-4D5E-B846-4A32F20AEDF5}.Debug|Any CPU.ActiveCfg = Debug|Any CPU
		{70D80FB1-EFD0-4D5E-B846-4A32F20AEDF5}.Debug|Any CPU.Build.0 = Debug|Any CPU
		{70D80FB1-EFD0-4D5E-B846-4A32F20AEDF5}.Release|Any CPU.ActiveCfg = Release|Any CPU
		{70D80FB1-EFD0-4D5E-B846-4A32F20AEDF5}.Release|Any CPU.Build.0 = Release|Any CPU
		{7EBA058B-D675-4D3B-81F9-384E53C6C2F1}.Debug|Any CPU.ActiveCfg = Debug|Any CPU
		{7EBA058B-D675-4D3B-81F9-384E53C6C2F1}.Debug|Any CPU.Build.0 = Debug|Any CPU
		{7EBA058B-D675-4D3B-81F9-384E53C6C2F1}.Release|Any CPU.ActiveCfg = Release|Any CPU
		{7EBA058B-D675-4D3B-81F9-384E53C6C2F1}.Release|Any CPU.Build.0 = Release|Any CPU
		{AB3C2D72-132E-4223-88B0-E2BE210E0F6C}.Debug|Any CPU.ActiveCfg = Debug|Any CPU
		{AB3C2D72-132E-4223-88B0-E2BE210E0F6C}.Debug|Any CPU.Build.0 = Debug|Any CPU
		{AB3C2D72-132E-4223-88B0-E2BE210E0F6C}.Release|Any CPU.ActiveCfg = Release|Any CPU
		{AB3C2D72-132E-4223-88B0-E2BE210E0F6C}.Release|Any CPU.Build.0 = Release|Any CPU
	EndGlobalSection
	GlobalSection(SolutionProperties) = preSolution
		HideSolutionNode = FALSE
	EndGlobalSection
	GlobalSection(ExtensibilityGlobals) = postSolution
		SolutionGuid = {89D6CEB0-7F7E-404D-8180-95599DFF728B}
	EndGlobalSection
EndGlobal
