
Microsoft Visual Studio Solution File, Format Version 12.00
# Visual Studio Version 16
VisualStudioVersion = 16.0.29424.173
MinimumVisualStudioVersion = 10.0.40219.1
Project("{FAE04EC0-301F-11D3-BF4B-00C04F79EFBC}") = "ConsoleApp1", "ConsoleApp1\ConsoleApp1.csproj", "{B7DBA181-35F0-4E76-A2B0-8333DF0CABC6}"
EndProject
Global
	GlobalSection(SolutionConfigurationPlatforms) = preSolution
		Debug|Any CPU = Debug|Any CPU
		Release|Any CPU = Release|Any CPU
	EndGlobalSection
	GlobalSection(ProjectConfigurationPlatforms) = postSolution
		{B7DBA181-35F0-4E76-A2B0-8333DF0CABC6}.Debug|Any CPU.ActiveCfg = Debug|Any CPU
		{B7DBA181-35F0-4E76-A2B0-8333DF0CABC6}.Debug|Any CPU.Build.0 = Debug|Any CPU
		{B7DBA181-35F0-4E76-A2B0-8333DF0CABC6}.Release|Any CPU.ActiveCfg = Release|Any CPU
		{B7DBA181-35F0-4E76-A2B0-8333DF0CABC6}.Release|Any CPU.Build.0 = Release|Any CPU
	EndGlobalSection
	GlobalSection(SolutionProperties) = preSolution
		HideSolutionNode = FALSE
	EndGlobalSection
	GlobalSection(ExtensibilityGlobals) = postSolution
		SolutionGuid = {AF0C21E0-37C5-4267-8F6B-23E39AF87B19}
	EndGlobalSection
EndGlobal
